
Microsoft Visual Studio Solution File, Format Version 12.00
# Visual Studio Version 16
VisualStudioVersion = 16.0.33920.266
MinimumVisualStudioVersion = 10.0.40219.1
Project("{FAE04EC0-301F-11D3-BF4B-00C04F79EFBC}") = "console_math", "console_math\console_math.csproj", "{19C5B020-FA0A-4E3B-8D21-02C36890B62C}"
EndProject
Global
	GlobalSection(SolutionConfigurationPlatforms) = preSolution
		Debug|Any CPU = Debug|Any CPU
		Release|Any CPU = Release|Any CPU
	EndGlobalSection
	GlobalSection(ProjectConfigurationPlatforms) = postSolution
		{19C5B020-FA0A-4E3B-8D21-02C36890B62C}.Debug|Any CPU.ActiveCfg = Debug|Any CPU
		{19C5B020-FA0A-4E3B-8D21-02C36890B62C}.Debug|Any CPU.Build.0 = Debug|Any CPU
		{19C5B020-FA0A-4E3B-8D21-02C36890B62C}.Release|Any CPU.ActiveCfg = Release|Any CPU
		{19C5B020-FA0A-4E3B-8D21-02C36890B62C}.Release|Any CPU.Build.0 = Release|Any CPU
	EndGlobalSection
	GlobalSection(SolutionProperties) = preSolution
		HideSolutionNode = FALSE
	EndGlobalSection
	GlobalSection(ExtensibilityGlobals) = postSolution
		SolutionGuid = {68C599E7-326F-49EB-83F6-A44CBA1C6547}
	EndGlobalSection
EndGlobal
