
Microsoft Visual Studio Solution File, Format Version 12.00
# Visual Studio Version 16
VisualStudioVersion = 16.0.33920.266
MinimumVisualStudioVersion = 10.0.40219.1
Project("{FAE04EC0-301F-11D3-BF4B-00C04F79EFBC}") = "income_comparison", "income_comparison\income_comparison.csproj", "{D25FAC63-8D07-4760-8FE6-BEFD531DF040}"
EndProject
Global
	GlobalSection(SolutionConfigurationPlatforms) = preSolution
		Debug|Any CPU = Debug|Any CPU
		Release|Any CPU = Release|Any CPU
	EndGlobalSection
	GlobalSection(ProjectConfigurationPlatforms) = postSolution
		{D25FAC63-8D07-4760-8FE6-BEFD531DF040}.Debug|Any CPU.ActiveCfg = Debug|Any CPU
		{D25FAC63-8D07-4760-8FE6-BEFD531DF040}.Debug|Any CPU.Build.0 = Debug|Any CPU
		{D25FAC63-8D07-4760-8FE6-BEFD531DF040}.Release|Any CPU.ActiveCfg = Release|Any CPU
		{D25FAC63-8D07-4760-8FE6-BEFD531DF040}.Release|Any CPU.Build.0 = Release|Any CPU
	EndGlobalSection
	GlobalSection(SolutionProperties) = preSolution
		HideSolutionNode = FALSE
	EndGlobalSection
	GlobalSection(ExtensibilityGlobals) = postSolution
		SolutionGuid = {5E16E381-EB86-4069-B99B-03ECC5A2685D}
	EndGlobalSection
EndGlobal
